// !$*UTF8*$!
{
	archiveVersion = 1;
	classes = {
	};
	objectVersion = 52;
	objects = {

/* Begin PBXBuildFile section */
		BD3A5D052550779B000F5106 /* CoreDataStack.swift in Sources */ = {isa = PBXBuildFile; fileRef = BD3A5D042550779B000F5106 /* CoreDataStack.swift */; };
		BD3A5D0A255077AB000F5106 /* Date+Extensions.swift in Sources */ = {isa = PBXBuildFile; fileRef = BD3A5D09255077AB000F5106 /* Date+Extensions.swift */; };
		BD3A5D0F255077BF000F5106 /* Optional+Extensions.swift in Sources */ = {isa = PBXBuildFile; fileRef = BD3A5D0E255077BF000F5106 /* Optional+Extensions.swift */; };
		BD3A5D1A2550780A000F5106 /* ValidationError.swift in Sources */ = {isa = PBXBuildFile; fileRef = BD3A5D142550780A000F5106 /* ValidationError.swift */; };
		BD3A5D1D2550780A000F5106 /* Profile.swift in Sources */ = {isa = PBXBuildFile; fileRef = BD3A5D172550780A000F5106 /* Profile.swift */; };
		BD3A5D1E2550780A000F5106 /* ProfileFormView.swift in Sources */ = {isa = PBXBuildFile; fileRef = BD3A5D182550780A000F5106 /* ProfileFormView.swift */; };
		BD3A5D2425507823000F5106 /* ProfileTests.swift in Sources */ = {isa = PBXBuildFile; fileRef = BD3A5D2325507823000F5106 /* ProfileTests.swift */; };
		BD3A5D2D25507851000F5106 /* CombineCocoa in Frameworks */ = {isa = PBXBuildFile; productRef = BD3A5D2C25507851000F5106 /* CombineCocoa */; };
		BD3A5D33255078A1000F5106 /* SnapKit in Frameworks */ = {isa = PBXBuildFile; productRef = BD3A5D32255078A1000F5106 /* SnapKit */; };
		BD42B2CD2552D5EA005891E3 /* AttestationRow.swift in Sources */ = {isa = PBXBuildFile; fileRef = BD42B2CC2552D5EA005891E3 /* AttestationRow.swift */; };
		BD42B2DE25532B8D005891E3 /* ProfileNameSection.swift in Sources */ = {isa = PBXBuildFile; fileRef = BD42B2DD25532B8D005891E3 /* ProfileNameSection.swift */; };
		BD42B2E425532BAF005891E3 /* ProfileBirthSection.swift in Sources */ = {isa = PBXBuildFile; fileRef = BD42B2E325532BAF005891E3 /* ProfileBirthSection.swift */; };
		BD42B2E825532BCB005891E3 /* ProfileAddressSection.swift in Sources */ = {isa = PBXBuildFile; fileRef = BD42B2E725532BCB005891E3 /* ProfileAddressSection.swift */; };
		BD42B2F325532CB9005891E3 /* CurrentDate.swift in Sources */ = {isa = PBXBuildFile; fileRef = BD42B2F225532CB9005891E3 /* CurrentDate.swift */; };
		BD870FCD255146A40080CEF9 /* form-data.json in Resources */ = {isa = PBXBuildFile; fileRef = BD870FCC255146A40080CEF9 /* form-data.json */; };
		BD870FD1255147060080CEF9 /* ExitReason.swift in Sources */ = {isa = PBXBuildFile; fileRef = BD870FD0255147060080CEF9 /* ExitReason.swift */; };
		BD870FD7255147EE0080CEF9 /* Attestation.swift in Sources */ = {isa = PBXBuildFile; fileRef = BD870FD6255147EE0080CEF9 /* Attestation.swift */; };
		BD870FDB2551802E0080CEF9 /* URL+Extensions.swift in Sources */ = {isa = PBXBuildFile; fileRef = BD870FDA2551802E0080CEF9 /* URL+Extensions.swift */; };
		BD870FE3255183E50080CEF9 /* ExitReasonsList.swift in Sources */ = {isa = PBXBuildFile; fileRef = BD870FE2255183E50080CEF9 /* ExitReasonsList.swift */; };
		BD870FE92551E5640080CEF9 /* ExitReasonRow.swift in Sources */ = {isa = PBXBuildFile; fileRef = BD870FE82551E5640080CEF9 /* ExitReasonRow.swift */; };
		BD870FEE25520C070080CEF9 /* QRCodeService.swift in Sources */ = {isa = PBXBuildFile; fileRef = BD870FED25520C070080CEF9 /* QRCodeService.swift */; };
		BD870FF425521A050080CEF9 /* QRCodeView.swift in Sources */ = {isa = PBXBuildFile; fileRef = BD870FF325521A050080CEF9 /* QRCodeView.swift */; };
		BD870FF825521FC50080CEF9 /* DateFormatter+Extensions.swift in Sources */ = {isa = PBXBuildFile; fileRef = BD870FF725521FC50080CEF9 /* DateFormatter+Extensions.swift */; };
		BD8EBC22254F3488000D8625 /* AppDelegate.swift in Sources */ = {isa = PBXBuildFile; fileRef = BD8EBC21254F3488000D8625 /* AppDelegate.swift */; };
		BD8EBC24254F3488000D8625 /* SceneDelegate.swift in Sources */ = {isa = PBXBuildFile; fileRef = BD8EBC23254F3488000D8625 /* SceneDelegate.swift */; };
		BD8EBC29254F3488000D8625 /* Attestation.xcdatamodeld in Sources */ = {isa = PBXBuildFile; fileRef = BD8EBC27254F3488000D8625 /* Attestation.xcdatamodeld */; };
		BD8EBC2B254F3489000D8625 /* Assets.xcassets in Resources */ = {isa = PBXBuildFile; fileRef = BD8EBC2A254F3489000D8625 /* Assets.xcassets */; };
		BD8EBC2E254F3489000D8625 /* Preview Assets.xcassets in Resources */ = {isa = PBXBuildFile; fileRef = BD8EBC2D254F3489000D8625 /* Preview Assets.xcassets */; };
		BD8EBC31254F3489000D8625 /* LaunchScreen.storyboard in Resources */ = {isa = PBXBuildFile; fileRef = BD8EBC2F254F3489000D8625 /* LaunchScreen.storyboard */; };
		BD93E063255092D500E29DE5 /* ProfileRow.swift in Sources */ = {isa = PBXBuildFile; fileRef = BD93E062255092D500E29DE5 /* ProfileRow.swift */; };
		BD93E067255093E200E29DE5 /* Color+Extensions.swift in Sources */ = {isa = PBXBuildFile; fileRef = BD93E066255093E200E29DE5 /* Color+Extensions.swift */; };
		BD93E06F2550969700E29DE5 /* AttestationView.swift in Sources */ = {isa = PBXBuildFile; fileRef = BD93E06E2550969700E29DE5 /* AttestationView.swift */; };
/* End PBXBuildFile section */

/* Begin PBXContainerItemProxy section */
		BD8EBC38254F3489000D8625 /* PBXContainerItemProxy */ = {
			isa = PBXContainerItemProxy;
			containerPortal = BD8EBC16254F3488000D8625 /* Project object */;
			proxyType = 1;
			remoteGlobalIDString = BD8EBC1D254F3488000D8625;
			remoteInfo = Attestation;
		};
/* End PBXContainerItemProxy section */

/* Begin PBXFileReference section */
		BD3A5D042550779B000F5106 /* CoreDataStack.swift */ = {isa = PBXFileReference; lastKnownFileType = sourcecode.swift; path = CoreDataStack.swift; sourceTree = "<group>"; };
		BD3A5D09255077AB000F5106 /* Date+Extensions.swift */ = {isa = PBXFileReference; lastKnownFileType = sourcecode.swift; path = "Date+Extensions.swift"; sourceTree = "<group>"; };
		BD3A5D0E255077BF000F5106 /* Optional+Extensions.swift */ = {isa = PBXFileReference; lastKnownFileType = sourcecode.swift; path = "Optional+Extensions.swift"; sourceTree = "<group>"; };
		BD3A5D142550780A000F5106 /* ValidationError.swift */ = {isa = PBXFileReference; fileEncoding = 4; lastKnownFileType = sourcecode.swift; path = ValidationError.swift; sourceTree = "<group>"; };
		BD3A5D172550780A000F5106 /* Profile.swift */ = {isa = PBXFileReference; fileEncoding = 4; lastKnownFileType = sourcecode.swift; path = Profile.swift; sourceTree = "<group>"; };
		BD3A5D182550780A000F5106 /* ProfileFormView.swift */ = {isa = PBXFileReference; fileEncoding = 4; lastKnownFileType = sourcecode.swift; path = ProfileFormView.swift; sourceTree = "<group>"; };
		BD3A5D2325507823000F5106 /* ProfileTests.swift */ = {isa = PBXFileReference; fileEncoding = 4; lastKnownFileType = sourcecode.swift; path = ProfileTests.swift; sourceTree = "<group>"; };
		BD42B2CC2552D5EA005891E3 /* AttestationRow.swift */ = {isa = PBXFileReference; lastKnownFileType = sourcecode.swift; path = AttestationRow.swift; sourceTree = "<group>"; };
		BD42B2DD25532B8D005891E3 /* ProfileNameSection.swift */ = {isa = PBXFileReference; lastKnownFileType = sourcecode.swift; path = ProfileNameSection.swift; sourceTree = "<group>"; };
		BD42B2E325532BAF005891E3 /* ProfileBirthSection.swift */ = {isa = PBXFileReference; lastKnownFileType = sourcecode.swift; path = ProfileBirthSection.swift; sourceTree = "<group>"; };
		BD42B2E725532BCB005891E3 /* ProfileAddressSection.swift */ = {isa = PBXFileReference; lastKnownFileType = sourcecode.swift; path = ProfileAddressSection.swift; sourceTree = "<group>"; };
		BD42B2F225532CB9005891E3 /* CurrentDate.swift */ = {isa = PBXFileReference; lastKnownFileType = sourcecode.swift; path = CurrentDate.swift; sourceTree = "<group>"; };
		BD870FCC255146A40080CEF9 /* form-data.json */ = {isa = PBXFileReference; fileEncoding = 4; lastKnownFileType = text.json; path = "form-data.json"; sourceTree = "<group>"; };
		BD870FD0255147060080CEF9 /* ExitReason.swift */ = {isa = PBXFileReference; lastKnownFileType = sourcecode.swift; path = ExitReason.swift; sourceTree = "<group>"; };
		BD870FD6255147EE0080CEF9 /* Attestation.swift */ = {isa = PBXFileReference; lastKnownFileType = sourcecode.swift; path = Attestation.swift; sourceTree = "<group>"; };
		BD870FDA2551802E0080CEF9 /* URL+Extensions.swift */ = {isa = PBXFileReference; lastKnownFileType = sourcecode.swift; path = "URL+Extensions.swift"; sourceTree = "<group>"; };
		BD870FE2255183E50080CEF9 /* ExitReasonsList.swift */ = {isa = PBXFileReference; lastKnownFileType = sourcecode.swift; path = ExitReasonsList.swift; sourceTree = "<group>"; };
		BD870FE82551E5640080CEF9 /* ExitReasonRow.swift */ = {isa = PBXFileReference; lastKnownFileType = sourcecode.swift; path = ExitReasonRow.swift; sourceTree = "<group>"; };
		BD870FED25520C070080CEF9 /* QRCodeService.swift */ = {isa = PBXFileReference; lastKnownFileType = sourcecode.swift; path = QRCodeService.swift; sourceTree = "<group>"; };
		BD870FF325521A050080CEF9 /* QRCodeView.swift */ = {isa = PBXFileReference; lastKnownFileType = sourcecode.swift; path = QRCodeView.swift; sourceTree = "<group>"; };
		BD870FF725521FC50080CEF9 /* DateFormatter+Extensions.swift */ = {isa = PBXFileReference; lastKnownFileType = sourcecode.swift; path = "DateFormatter+Extensions.swift"; sourceTree = "<group>"; };
		BD8EBC1E254F3488000D8625 /* Attestation.app */ = {isa = PBXFileReference; explicitFileType = wrapper.application; includeInIndex = 0; path = Attestation.app; sourceTree = BUILT_PRODUCTS_DIR; };
		BD8EBC21254F3488000D8625 /* AppDelegate.swift */ = {isa = PBXFileReference; lastKnownFileType = sourcecode.swift; path = AppDelegate.swift; sourceTree = "<group>"; };
		BD8EBC23254F3488000D8625 /* SceneDelegate.swift */ = {isa = PBXFileReference; lastKnownFileType = sourcecode.swift; path = SceneDelegate.swift; sourceTree = "<group>"; };
		BD8EBC28254F3488000D8625 /* Attestation.xcdatamodel */ = {isa = PBXFileReference; lastKnownFileType = wrapper.xcdatamodel; path = Attestation.xcdatamodel; sourceTree = "<group>"; };
		BD8EBC2A254F3489000D8625 /* Assets.xcassets */ = {isa = PBXFileReference; lastKnownFileType = folder.assetcatalog; path = Assets.xcassets; sourceTree = "<group>"; };
		BD8EBC2D254F3489000D8625 /* Preview Assets.xcassets */ = {isa = PBXFileReference; lastKnownFileType = folder.assetcatalog; path = "Preview Assets.xcassets"; sourceTree = "<group>"; };
		BD8EBC30254F3489000D8625 /* Base */ = {isa = PBXFileReference; lastKnownFileType = file.storyboard; name = Base; path = Base.lproj/LaunchScreen.storyboard; sourceTree = "<group>"; };
		BD8EBC32254F3489000D8625 /* Info.plist */ = {isa = PBXFileReference; lastKnownFileType = text.plist.xml; path = Info.plist; sourceTree = "<group>"; };
		BD8EBC37254F3489000D8625 /* AttestationTests.xctest */ = {isa = PBXFileReference; explicitFileType = wrapper.cfbundle; includeInIndex = 0; path = AttestationTests.xctest; sourceTree = BUILT_PRODUCTS_DIR; };
		BD8EBC3D254F3489000D8625 /* Info.plist */ = {isa = PBXFileReference; lastKnownFileType = text.plist.xml; path = Info.plist; sourceTree = "<group>"; };
		BD93E062255092D500E29DE5 /* ProfileRow.swift */ = {isa = PBXFileReference; lastKnownFileType = sourcecode.swift; path = ProfileRow.swift; sourceTree = "<group>"; };
		BD93E066255093E200E29DE5 /* Color+Extensions.swift */ = {isa = PBXFileReference; lastKnownFileType = sourcecode.swift; path = "Color+Extensions.swift"; sourceTree = "<group>"; };
		BD93E06E2550969700E29DE5 /* AttestationView.swift */ = {isa = PBXFileReference; lastKnownFileType = sourcecode.swift; path = AttestationView.swift; sourceTree = "<group>"; };
/* End PBXFileReference section */

/* Begin PBXFrameworksBuildPhase section */
		BD8EBC1B254F3488000D8625 /* Frameworks */ = {
			isa = PBXFrameworksBuildPhase;
			buildActionMask = 2147483647;
			files = (
				BD3A5D2D25507851000F5106 /* CombineCocoa in Frameworks */,
				BD3A5D33255078A1000F5106 /* SnapKit in Frameworks */,
			);
			runOnlyForDeploymentPostprocessing = 0;
		};
		BD8EBC34254F3489000D8625 /* Frameworks */ = {
			isa = PBXFrameworksBuildPhase;
			buildActionMask = 2147483647;
			files = (
			);
			runOnlyForDeploymentPostprocessing = 0;
		};
/* End PBXFrameworksBuildPhase section */

/* Begin PBXGroup section */
		BD3A5D13255077F9000F5106 /* View */ = {
			isa = PBXGroup;
			children = (
				BD42B2DC25532B74005891E3 /* ProfileForm */,
				BD42B2ED25532C0A005891E3 /* Attestation */,
				BD870FF325521A050080CEF9 /* QRCodeView.swift */,
				BD870FE2255183E50080CEF9 /* ExitReasonsList.swift */,
			);
			path = View;
			sourceTree = "<group>";
		};
		BD3A5D3725508D25000F5106 /* AppDelegate */ = {
			isa = PBXGroup;
			children = (
				BD8EBC21254F3488000D8625 /* AppDelegate.swift */,
				BD8EBC23254F3488000D8625 /* SceneDelegate.swift */,
			);
			path = AppDelegate;
			sourceTree = "<group>";
		};
		BD3A5D3F25508D39000F5106 /* Extensions */ = {
			isa = PBXGroup;
			children = (
				BD3A5D09255077AB000F5106 /* Date+Extensions.swift */,
				BD870FF725521FC50080CEF9 /* DateFormatter+Extensions.swift */,
				BD93E066255093E200E29DE5 /* Color+Extensions.swift */,
				BD870FDA2551802E0080CEF9 /* URL+Extensions.swift */,
				BD3A5D0E255077BF000F5106 /* Optional+Extensions.swift */,
			);
			path = Extensions;
			sourceTree = "<group>";
		};
		BD3A5D4625508D48000F5106 /* Resources */ = {
			isa = PBXGroup;
			children = (
				BD870FCC255146A40080CEF9 /* form-data.json */,
				BD8EBC2A254F3489000D8625 /* Assets.xcassets */,
				BD8EBC2F254F3489000D8625 /* LaunchScreen.storyboard */,
			);
			path = Resources;
			sourceTree = "<group>";
		};
		BD3A5D4725508D51000F5106 /* CoreData */ = {
			isa = PBXGroup;
			children = (
				BD3A5D042550779B000F5106 /* CoreDataStack.swift */,
				BD8EBC27254F3488000D8625 /* Attestation.xcdatamodeld */,
			);
			path = CoreData;
			sourceTree = "<group>";
		};
		BD3A5D4B25508D5A000F5106 /* Model */ = {
			isa = PBXGroup;
			children = (
				BD3A5D142550780A000F5106 /* ValidationError.swift */,
				BD3A5D172550780A000F5106 /* Profile.swift */,
				BD870FD0255147060080CEF9 /* ExitReason.swift */,
				BD870FD6255147EE0080CEF9 /* Attestation.swift */,
				BD42B2F225532CB9005891E3 /* CurrentDate.swift */,
			);
			path = Model;
			sourceTree = "<group>";
		};
		BD42B2DC25532B74005891E3 /* ProfileForm */ = {
			isa = PBXGroup;
			children = (
				BD3A5D182550780A000F5106 /* ProfileFormView.swift */,
				BD42B2E725532BCB005891E3 /* ProfileAddressSection.swift */,
				BD42B2DD25532B8D005891E3 /* ProfileNameSection.swift */,
				BD42B2E325532BAF005891E3 /* ProfileBirthSection.swift */,
			);
			path = ProfileForm;
			sourceTree = "<group>";
		};
		BD42B2ED25532C0A005891E3 /* Attestation */ = {
			isa = PBXGroup;
			children = (
				BD93E062255092D500E29DE5 /* ProfileRow.swift */,
				BD93E06E2550969700E29DE5 /* AttestationView.swift */,
				BD42B2CC2552D5EA005891E3 /* AttestationRow.swift */,
				BD870FE82551E5640080CEF9 /* ExitReasonRow.swift */,
			);
			path = Attestation;
			sourceTree = "<group>";
		};
		BD870FEC25520BF80080CEF9 /* Services */ = {
			isa = PBXGroup;
			children = (
				BD870FED25520C070080CEF9 /* QRCodeService.swift */,
			);
			path = Services;
			sourceTree = "<group>";
		};
		BD8EBC15254F3488000D8625 = {
			isa = PBXGroup;
			children = (
				BD8EBC20254F3488000D8625 /* Attestation */,
				BD8EBC3A254F3489000D8625 /* AttestationTests */,
				BD8EBC1F254F3488000D8625 /* Products */,
			);
			sourceTree = "<group>";
		};
		BD8EBC1F254F3488000D8625 /* Products */ = {
			isa = PBXGroup;
			children = (
				BD8EBC1E254F3488000D8625 /* Attestation.app */,
				BD8EBC37254F3489000D8625 /* AttestationTests.xctest */,
			);
			name = Products;
			sourceTree = "<group>";
		};
		BD8EBC20254F3488000D8625 /* Attestation */ = {
			isa = PBXGroup;
			children = (
				BD870FEC25520BF80080CEF9 /* Services */,
				BD3A5D4B25508D5A000F5106 /* Model */,
				BD3A5D13255077F9000F5106 /* View */,
				BD3A5D3725508D25000F5106 /* AppDelegate */,
				BD3A5D4725508D51000F5106 /* CoreData */,
				BD3A5D3F25508D39000F5106 /* Extensions */,
				BD3A5D4625508D48000F5106 /* Resources */,
				BD8EBC32254F3489000D8625 /* Info.plist */,
				BD8EBC2C254F3489000D8625 /* Preview Content */,
			);
			path = Attestation;
			sourceTree = "<group>";
		};
		BD8EBC2C254F3489000D8625 /* Preview Content */ = {
			isa = PBXGroup;
			children = (
				BD8EBC2D254F3489000D8625 /* Preview Assets.xcassets */,
			);
			path = "Preview Content";
			sourceTree = "<group>";
		};
		BD8EBC3A254F3489000D8625 /* AttestationTests */ = {
			isa = PBXGroup;
			children = (
				BD3A5D2325507823000F5106 /* ProfileTests.swift */,
				BD8EBC3D254F3489000D8625 /* Info.plist */,
			);
			path = AttestationTests;
			sourceTree = "<group>";
		};
/* End PBXGroup section */

/* Begin PBXNativeTarget section */
		BD8EBC1D254F3488000D8625 /* Attestation */ = {
			isa = PBXNativeTarget;
			buildConfigurationList = BD8EBC4B254F3489000D8625 /* Build configuration list for PBXNativeTarget "Attestation" */;
			buildPhases = (
				BD8EBC1A254F3488000D8625 /* Sources */,
				BD8EBC1B254F3488000D8625 /* Frameworks */,
				BD8EBC1C254F3488000D8625 /* Resources */,
			);
			buildRules = (
			);
			dependencies = (
			);
			name = Attestation;
			packageProductDependencies = (
				BD3A5D2C25507851000F5106 /* CombineCocoa */,
				BD3A5D32255078A1000F5106 /* SnapKit */,
			);
			productName = Attestation;
			productReference = BD8EBC1E254F3488000D8625 /* Attestation.app */;
			productType = "com.apple.product-type.application";
		};
		BD8EBC36254F3489000D8625 /* AttestationTests */ = {
			isa = PBXNativeTarget;
			buildConfigurationList = BD8EBC4E254F3489000D8625 /* Build configuration list for PBXNativeTarget "AttestationTests" */;
			buildPhases = (
				BD8EBC33254F3489000D8625 /* Sources */,
				BD8EBC34254F3489000D8625 /* Frameworks */,
				BD8EBC35254F3489000D8625 /* Resources */,
			);
			buildRules = (
			);
			dependencies = (
				BD8EBC39254F3489000D8625 /* PBXTargetDependency */,
			);
			name = AttestationTests;
			productName = AttestationTests;
			productReference = BD8EBC37254F3489000D8625 /* AttestationTests.xctest */;
			productType = "com.apple.product-type.bundle.unit-test";
		};
/* End PBXNativeTarget section */

/* Begin PBXProject section */
		BD8EBC16254F3488000D8625 /* Project object */ = {
			isa = PBXProject;
			attributes = {
				LastSwiftUpdateCheck = 1200;
				LastUpgradeCheck = 1200;
				TargetAttributes = {
					BD8EBC1D254F3488000D8625 = {
						CreatedOnToolsVersion = 12.0;
					};
					BD8EBC36254F3489000D8625 = {
						CreatedOnToolsVersion = 12.0;
						TestTargetID = BD8EBC1D254F3488000D8625;
					};
				};
			};
			buildConfigurationList = BD8EBC19254F3488000D8625 /* Build configuration list for PBXProject "Attestation" */;
			compatibilityVersion = "Xcode 9.3";
			developmentRegion = en;
			hasScannedForEncodings = 0;
			knownRegions = (
				en,
				Base,
			);
			mainGroup = BD8EBC15254F3488000D8625;
			packageReferences = (
				BD3A5D2B25507851000F5106 /* XCRemoteSwiftPackageReference "CombineCocoa" */,
				BD3A5D31255078A1000F5106 /* XCRemoteSwiftPackageReference "SnapKit" */,
			);
			productRefGroup = BD8EBC1F254F3488000D8625 /* Products */;
			projectDirPath = "";
			projectRoot = "";
			targets = (
				BD8EBC1D254F3488000D8625 /* Attestation */,
				BD8EBC36254F3489000D8625 /* AttestationTests */,
			);
		};
/* End PBXProject section */

/* Begin PBXResourcesBuildPhase section */
		BD8EBC1C254F3488000D8625 /* Resources */ = {
			isa = PBXResourcesBuildPhase;
			buildActionMask = 2147483647;
			files = (
				BD8EBC31254F3489000D8625 /* LaunchScreen.storyboard in Resources */,
				BD870FCD255146A40080CEF9 /* form-data.json in Resources */,
				BD8EBC2E254F3489000D8625 /* Preview Assets.xcassets in Resources */,
				BD8EBC2B254F3489000D8625 /* Assets.xcassets in Resources */,
			);
			runOnlyForDeploymentPostprocessing = 0;
		};
		BD8EBC35254F3489000D8625 /* Resources */ = {
			isa = PBXResourcesBuildPhase;
			buildActionMask = 2147483647;
			files = (
			);
			runOnlyForDeploymentPostprocessing = 0;
		};
/* End PBXResourcesBuildPhase section */

/* Begin PBXSourcesBuildPhase section */
		BD8EBC1A254F3488000D8625 /* Sources */ = {
			isa = PBXSourcesBuildPhase;
			buildActionMask = 2147483647;
			files = (
				BD3A5D052550779B000F5106 /* CoreDataStack.swift in Sources */,
				BD42B2E825532BCB005891E3 /* ProfileAddressSection.swift in Sources */,
				BD870FD7255147EE0080CEF9 /* Attestation.swift in Sources */,
				BD3A5D1A2550780A000F5106 /* ValidationError.swift in Sources */,
				BD870FD1255147060080CEF9 /* ExitReason.swift in Sources */,
				BD870FE3255183E50080CEF9 /* ExitReasonsList.swift in Sources */,
				BD3A5D0A255077AB000F5106 /* Date+Extensions.swift in Sources */,
				BD3A5D1D2550780A000F5106 /* Profile.swift in Sources */,
				BD3A5D1E2550780A000F5106 /* ProfileFormView.swift in Sources */,
				BD8EBC29254F3488000D8625 /* Attestation.xcdatamodeld in Sources */,
				BD93E06F2550969700E29DE5 /* AttestationView.swift in Sources */,
				BD42B2E425532BAF005891E3 /* ProfileBirthSection.swift in Sources */,
				BD42B2DE25532B8D005891E3 /* ProfileNameSection.swift in Sources */,
				BD42B2F325532CB9005891E3 /* CurrentDate.swift in Sources */,
				BD8EBC22254F3488000D8625 /* AppDelegate.swift in Sources */,
				BD870FF825521FC50080CEF9 /* DateFormatter+Extensions.swift in Sources */,
				BD93E063255092D500E29DE5 /* ProfileRow.swift in Sources */,
				BD42B2CD2552D5EA005891E3 /* AttestationRow.swift in Sources */,
				BD870FF425521A050080CEF9 /* QRCodeView.swift in Sources */,
				BD870FEE25520C070080CEF9 /* QRCodeService.swift in Sources */,
				BD870FDB2551802E0080CEF9 /* URL+Extensions.swift in Sources */,
				BD93E067255093E200E29DE5 /* Color+Extensions.swift in Sources */,
				BD870FE92551E5640080CEF9 /* ExitReasonRow.swift in Sources */,
				BD8EBC24254F3488000D8625 /* SceneDelegate.swift in Sources */,
				BD3A5D0F255077BF000F5106 /* Optional+Extensions.swift in Sources */,
			);
			runOnlyForDeploymentPostprocessing = 0;
		};
		BD8EBC33254F3489000D8625 /* Sources */ = {
			isa = PBXSourcesBuildPhase;
			buildActionMask = 2147483647;
			files = (
				BD3A5D2425507823000F5106 /* ProfileTests.swift in Sources */,
			);
			runOnlyForDeploymentPostprocessing = 0;
		};
/* End PBXSourcesBuildPhase section */

/* Begin PBXTargetDependency section */
		BD8EBC39254F3489000D8625 /* PBXTargetDependency */ = {
			isa = PBXTargetDependency;
			target = BD8EBC1D254F3488000D8625 /* Attestation */;
			targetProxy = BD8EBC38254F3489000D8625 /* PBXContainerItemProxy */;
		};
/* End PBXTargetDependency section */

/* Begin PBXVariantGroup section */
		BD8EBC2F254F3489000D8625 /* LaunchScreen.storyboard */ = {
			isa = PBXVariantGroup;
			children = (
				BD8EBC30254F3489000D8625 /* Base */,
			);
			name = LaunchScreen.storyboard;
			sourceTree = "<group>";
		};
/* End PBXVariantGroup section */

/* Begin XCBuildConfiguration section */
		BD8EBC49254F3489000D8625 /* Debug */ = {
			isa = XCBuildConfiguration;
			buildSettings = {
				ALWAYS_SEARCH_USER_PATHS = NO;
				CLANG_ANALYZER_NONNULL = YES;
				CLANG_ANALYZER_NUMBER_OBJECT_CONVERSION = YES_AGGRESSIVE;
				CLANG_CXX_LANGUAGE_STANDARD = "gnu++14";
				CLANG_CXX_LIBRARY = "libc++";
				CLANG_ENABLE_MODULES = YES;
				CLANG_ENABLE_OBJC_ARC = YES;
				CLANG_ENABLE_OBJC_WEAK = YES;
				CLANG_WARN_BLOCK_CAPTURE_AUTORELEASING = YES;
				CLANG_WARN_BOOL_CONVERSION = YES;
				CLANG_WARN_COMMA = YES;
				CLANG_WARN_CONSTANT_CONVERSION = YES;
				CLANG_WARN_DEPRECATED_OBJC_IMPLEMENTATIONS = YES;
				CLANG_WARN_DIRECT_OBJC_ISA_USAGE = YES_ERROR;
				CLANG_WARN_DOCUMENTATION_COMMENTS = YES;
				CLANG_WARN_EMPTY_BODY = YES;
				CLANG_WARN_ENUM_CONVERSION = YES;
				CLANG_WARN_INFINITE_RECURSION = YES;
				CLANG_WARN_INT_CONVERSION = YES;
				CLANG_WARN_NON_LITERAL_NULL_CONVERSION = YES;
				CLANG_WARN_OBJC_IMPLICIT_RETAIN_SELF = YES;
				CLANG_WARN_OBJC_LITERAL_CONVERSION = YES;
				CLANG_WARN_OBJC_ROOT_CLASS = YES_ERROR;
				CLANG_WARN_QUOTED_INCLUDE_IN_FRAMEWORK_HEADER = YES;
				CLANG_WARN_RANGE_LOOP_ANALYSIS = YES;
				CLANG_WARN_STRICT_PROTOTYPES = YES;
				CLANG_WARN_SUSPICIOUS_MOVE = YES;
				CLANG_WARN_UNGUARDED_AVAILABILITY = YES_AGGRESSIVE;
				CLANG_WARN_UNREACHABLE_CODE = YES;
				CLANG_WARN__DUPLICATE_METHOD_MATCH = YES;
				COPY_PHASE_STRIP = NO;
				DEBUG_INFORMATION_FORMAT = dwarf;
				ENABLE_STRICT_OBJC_MSGSEND = YES;
				ENABLE_TESTABILITY = YES;
				GCC_C_LANGUAGE_STANDARD = gnu11;
				GCC_DYNAMIC_NO_PIC = NO;
				GCC_NO_COMMON_BLOCKS = YES;
				GCC_OPTIMIZATION_LEVEL = 0;
				GCC_PREPROCESSOR_DEFINITIONS = (
					"DEBUG=1",
					"$(inherited)",
				);
				GCC_WARN_64_TO_32_BIT_CONVERSION = YES;
				GCC_WARN_ABOUT_RETURN_TYPE = YES_ERROR;
				GCC_WARN_UNDECLARED_SELECTOR = YES;
				GCC_WARN_UNINITIALIZED_AUTOS = YES_AGGRESSIVE;
				GCC_WARN_UNUSED_FUNCTION = YES;
				GCC_WARN_UNUSED_VARIABLE = YES;
				IPHONEOS_DEPLOYMENT_TARGET = 14.0;
				MTL_ENABLE_DEBUG_INFO = INCLUDE_SOURCE;
				MTL_FAST_MATH = YES;
				ONLY_ACTIVE_ARCH = YES;
				SDKROOT = iphoneos;
				SWIFT_ACTIVE_COMPILATION_CONDITIONS = DEBUG;
				SWIFT_OPTIMIZATION_LEVEL = "-Onone";
			};
			name = Debug;
		};
		BD8EBC4A254F3489000D8625 /* Release */ = {
			isa = XCBuildConfiguration;
			buildSettings = {
				ALWAYS_SEARCH_USER_PATHS = NO;
				CLANG_ANALYZER_NONNULL = YES;
				CLANG_ANALYZER_NUMBER_OBJECT_CONVERSION = YES_AGGRESSIVE;
				CLANG_CXX_LANGUAGE_STANDARD = "gnu++14";
				CLANG_CXX_LIBRARY = "libc++";
				CLANG_ENABLE_MODULES = YES;
				CLANG_ENABLE_OBJC_ARC = YES;
				CLANG_ENABLE_OBJC_WEAK = YES;
				CLANG_WARN_BLOCK_CAPTURE_AUTORELEASING = YES;
				CLANG_WARN_BOOL_CONVERSION = YES;
				CLANG_WARN_COMMA = YES;
				CLANG_WARN_CONSTANT_CONVERSION = YES;
				CLANG_WARN_DEPRECATED_OBJC_IMPLEMENTATIONS = YES;
				CLANG_WARN_DIRECT_OBJC_ISA_USAGE = YES_ERROR;
				CLANG_WARN_DOCUMENTATION_COMMENTS = YES;
				CLANG_WARN_EMPTY_BODY = YES;
				CLANG_WARN_ENUM_CONVERSION = YES;
				CLANG_WARN_INFINITE_RECURSION = YES;
				CLANG_WARN_INT_CONVERSION = YES;
				CLANG_WARN_NON_LITERAL_NULL_CONVERSION = YES;
				CLANG_WARN_OBJC_IMPLICIT_RETAIN_SELF = YES;
				CLANG_WARN_OBJC_LITERAL_CONVERSION = YES;
				CLANG_WARN_OBJC_ROOT_CLASS = YES_ERROR;
				CLANG_WARN_QUOTED_INCLUDE_IN_FRAMEWORK_HEADER = YES;
				CLANG_WARN_RANGE_LOOP_ANALYSIS = YES;
				CLANG_WARN_STRICT_PROTOTYPES = YES;
				CLANG_WARN_SUSPICIOUS_MOVE = YES;
				CLANG_WARN_UNGUARDED_AVAILABILITY = YES_AGGRESSIVE;
				CLANG_WARN_UNREACHABLE_CODE = YES;
				CLANG_WARN__DUPLICATE_METHOD_MATCH = YES;
				COPY_PHASE_STRIP = NO;
				DEBUG_INFORMATION_FORMAT = "dwarf-with-dsym";
				ENABLE_NS_ASSERTIONS = NO;
				ENABLE_STRICT_OBJC_MSGSEND = YES;
				GCC_C_LANGUAGE_STANDARD = gnu11;
				GCC_NO_COMMON_BLOCKS = YES;
				GCC_WARN_64_TO_32_BIT_CONVERSION = YES;
				GCC_WARN_ABOUT_RETURN_TYPE = YES_ERROR;
				GCC_WARN_UNDECLARED_SELECTOR = YES;
				GCC_WARN_UNINITIALIZED_AUTOS = YES_AGGRESSIVE;
				GCC_WARN_UNUSED_FUNCTION = YES;
				GCC_WARN_UNUSED_VARIABLE = YES;
				IPHONEOS_DEPLOYMENT_TARGET = 14.0;
				MTL_ENABLE_DEBUG_INFO = NO;
				MTL_FAST_MATH = YES;
				SDKROOT = iphoneos;
				SWIFT_COMPILATION_MODE = wholemodule;
				SWIFT_OPTIMIZATION_LEVEL = "-O";
				VALIDATE_PRODUCT = YES;
			};
			name = Release;
		};
		BD8EBC4C254F3489000D8625 /* Debug */ = {
			isa = XCBuildConfiguration;
			buildSettings = {
				ASSETCATALOG_COMPILER_APPICON_NAME = AppIcon;
				ASSETCATALOG_COMPILER_GLOBAL_ACCENT_COLOR_NAME = AccentColor;
				CODE_SIGN_STYLE = Automatic;
				DEVELOPMENT_ASSET_PATHS = "\"Attestation/Preview Content\"";
				DEVELOPMENT_TEAM = HM6V67N856;
				ENABLE_PREVIEWS = YES;
				INFOPLIST_FILE = Attestation/Info.plist;
				LD_RUNPATH_SEARCH_PATHS = (
					"$(inherited)",
					"@executable_path/Frameworks",
				);
				PRODUCT_BUNDLE_IDENTIFIER = com.abridoux.Attestation;
				PRODUCT_NAME = "$(TARGET_NAME)";
				SWIFT_VERSION = 5.0;
				TARGETED_DEVICE_FAMILY = "1,2";
			};
			name = Debug;
		};
		BD8EBC4D254F3489000D8625 /* Release */ = {
			isa = XCBuildConfiguration;
			buildSettings = {
				ASSETCATALOG_COMPILER_APPICON_NAME = AppIcon;
				ASSETCATALOG_COMPILER_GLOBAL_ACCENT_COLOR_NAME = AccentColor;
				CODE_SIGN_STYLE = Automatic;
				DEVELOPMENT_ASSET_PATHS = "\"Attestation/Preview Content\"";
				DEVELOPMENT_TEAM = HM6V67N856;
				ENABLE_PREVIEWS = YES;
				INFOPLIST_FILE = Attestation/Info.plist;
				LD_RUNPATH_SEARCH_PATHS = (
					"$(inherited)",
					"@executable_path/Frameworks",
				);
				PRODUCT_BUNDLE_IDENTIFIER = com.abridoux.Attestation;
				PRODUCT_NAME = "$(TARGET_NAME)";
				SWIFT_VERSION = 5.0;
				TARGETED_DEVICE_FAMILY = "1,2";
			};
			name = Release;
		};
		BD8EBC4F254F3489000D8625 /* Debug */ = {
			isa = XCBuildConfiguration;
			buildSettings = {
				ALWAYS_EMBED_SWIFT_STANDARD_LIBRARIES = YES;
				BUNDLE_LOADER = "$(TEST_HOST)";
				CODE_SIGN_STYLE = Automatic;
				DEVELOPMENT_TEAM = HM6V67N856;
				INFOPLIST_FILE = AttestationTests/Info.plist;
				IPHONEOS_DEPLOYMENT_TARGET = 14.0;
				LD_RUNPATH_SEARCH_PATHS = (
					"$(inherited)",
					"@executable_path/Frameworks",
					"@loader_path/Frameworks",
				);
				PRODUCT_BUNDLE_IDENTIFIER = com.abridoux.AttestationTests;
				PRODUCT_NAME = "$(TARGET_NAME)";
				SWIFT_VERSION = 5.0;
				TARGETED_DEVICE_FAMILY = "1,2";
				TEST_HOST = "$(BUILT_PRODUCTS_DIR)/Attestation.app/Attestation";
			};
			name = Debug;
		};
		BD8EBC50254F3489000D8625 /* Release */ = {
			isa = XCBuildConfiguration;
			buildSettings = {
				ALWAYS_EMBED_SWIFT_STANDARD_LIBRARIES = YES;
				BUNDLE_LOADER = "$(TEST_HOST)";
				CODE_SIGN_STYLE = Automatic;
				DEVELOPMENT_TEAM = HM6V67N856;
				INFOPLIST_FILE = AttestationTests/Info.plist;
				IPHONEOS_DEPLOYMENT_TARGET = 14.0;
				LD_RUNPATH_SEARCH_PATHS = (
					"$(inherited)",
					"@executable_path/Frameworks",
					"@loader_path/Frameworks",
				);
				PRODUCT_BUNDLE_IDENTIFIER = com.abridoux.AttestationTests;
				PRODUCT_NAME = "$(TARGET_NAME)";
				SWIFT_VERSION = 5.0;
				TARGETED_DEVICE_FAMILY = "1,2";
				TEST_HOST = "$(BUILT_PRODUCTS_DIR)/Attestation.app/Attestation";
			};
			name = Release;
		};
/* End XCBuildConfiguration section */

/* Begin XCConfigurationList section */
		BD8EBC19254F3488000D8625 /* Build configuration list for PBXProject "Attestation" */ = {
			isa = XCConfigurationList;
			buildConfigurations = (
				BD8EBC49254F3489000D8625 /* Debug */,
				BD8EBC4A254F3489000D8625 /* Release */,
			);
			defaultConfigurationIsVisible = 0;
			defaultConfigurationName = Release;
		};
		BD8EBC4B254F3489000D8625 /* Build configuration list for PBXNativeTarget "Attestation" */ = {
			isa = XCConfigurationList;
			buildConfigurations = (
				BD8EBC4C254F3489000D8625 /* Debug */,
				BD8EBC4D254F3489000D8625 /* Release */,
			);
			defaultConfigurationIsVisible = 0;
			defaultConfigurationName = Release;
		};
		BD8EBC4E254F3489000D8625 /* Build configuration list for PBXNativeTarget "AttestationTests" */ = {
			isa = XCConfigurationList;
			buildConfigurations = (
				BD8EBC4F254F3489000D8625 /* Debug */,
				BD8EBC50254F3489000D8625 /* Release */,
			);
			defaultConfigurationIsVisible = 0;
			defaultConfigurationName = Release;
		};
/* End XCConfigurationList section */

/* Begin XCRemoteSwiftPackageReference section */
		BD3A5D2B25507851000F5106 /* XCRemoteSwiftPackageReference "CombineCocoa" */ = {
			isa = XCRemoteSwiftPackageReference;
			repositoryURL = "https://github.com/CombineCommunity/CombineCocoa";
			requirement = {
				kind = upToNextMajorVersion;
				minimumVersion = 0.2.1;
			};
		};
		BD3A5D31255078A1000F5106 /* XCRemoteSwiftPackageReference "SnapKit" */ = {
			isa = XCRemoteSwiftPackageReference;
			repositoryURL = "https://github.com/SnapKit/SnapKit";
			requirement = {
				kind = upToNextMajorVersion;
				minimumVersion = 5.0.1;
			};
		};
/* End XCRemoteSwiftPackageReference section */

/* Begin XCSwiftPackageProductDependency section */
		BD3A5D2C25507851000F5106 /* CombineCocoa */ = {
			isa = XCSwiftPackageProductDependency;
			package = BD3A5D2B25507851000F5106 /* XCRemoteSwiftPackageReference "CombineCocoa" */;
			productName = CombineCocoa;
		};
		BD3A5D32255078A1000F5106 /* SnapKit */ = {
			isa = XCSwiftPackageProductDependency;
			package = BD3A5D31255078A1000F5106 /* XCRemoteSwiftPackageReference "SnapKit" */;
			productName = SnapKit;
		};
/* End XCSwiftPackageProductDependency section */

/* Begin XCVersionGroup section */
		BD8EBC27254F3488000D8625 /* Attestation.xcdatamodeld */ = {
			isa = XCVersionGroup;
			children = (
				BD8EBC28254F3488000D8625 /* Attestation.xcdatamodel */,
			);
			currentVersion = BD8EBC28254F3488000D8625 /* Attestation.xcdatamodel */;
			path = Attestation.xcdatamodeld;
			sourceTree = "<group>";
			versionGroupType = wrapper.xcdatamodel;
		};
/* End XCVersionGroup section */
	};
	rootObject = BD8EBC16254F3488000D8625 /* Project object */;
}
